
Microsoft Visual Studio Solution File, Format Version 12.00
# Visual Studio Version 16
VisualStudioVersion = 25.0.1704.2
MinimumVisualStudioVersion = 10.0.40219.1
Project("{FAE04EC0-301F-11D3-BF4B-00C04F79EFBC}") = "test_git", "test_git.csproj", "{AFC50B04-4F61-4767-B38E-16F03C65ECCB}"
EndProject
Global
	GlobalSection(SolutionConfigurationPlatforms) = preSolution
		Debug|Any CPU = Debug|Any CPU
		Release|Any CPU = Release|Any CPU
	EndGlobalSection
	GlobalSection(ProjectConfigurationPlatforms) = postSolution
		{AFC50B04-4F61-4767-B38E-16F03C65ECCB}.Debug|Any CPU.ActiveCfg = Debug|Any CPU
		{AFC50B04-4F61-4767-B38E-16F03C65ECCB}.Debug|Any CPU.Build.0 = Debug|Any CPU
		{AFC50B04-4F61-4767-B38E-16F03C65ECCB}.Release|Any CPU.ActiveCfg = Release|Any CPU
		{AFC50B04-4F61-4767-B38E-16F03C65ECCB}.Release|Any CPU.Build.0 = Release|Any CPU
	EndGlobalSection
	GlobalSection(SolutionProperties) = preSolution
		HideSolutionNode = FALSE
	EndGlobalSection
	GlobalSection(ExtensibilityGlobals) = postSolution
		SolutionGuid = {A932B479-E586-48F5-853B-49723B8A55EC}
	EndGlobalSection
EndGlobal
